// !$*UTF8*$!
{
	archiveVersion = 1;
	classes = {
	};
	objectVersion = 77;
	objects = {

/* Begin PBXBuildFile section */
		7D362F192FCF614100184BF1 /* MediaRemoteAdapter in Frameworks */ = {isa = PBXBuildFile; productRef = 7D362F182FCF614100184BF1 /* MediaRemoteAdapter */; };
		7D362F1A2FCF619900184BF1 /* MediaRemoteAdapter in Embed Frameworks */ = {isa = PBXBuildFile; productRef = 7D362F182FCF614100184BF1 /* MediaRemoteAdapter */; settings = {ATTRIBUTES = (CodeSignOnCopy, ); }; };
/* End PBXBuildFile section */

/* Begin PBXContainerItemProxy section */
		7DA6BCAD2FCF4CB8003D1AB2 /* PBXContainerItemProxy */ = {
			isa = PBXContainerItemProxy;
			containerPortal = 7DA6BC972FCF4CB6003D1AB2 /* Project object */;
			proxyType = 1;
			remoteGlobalIDString = 7DA6BC9E2FCF4CB6003D1AB2;
			remoteInfo = MiniMusix;
		};
		7DA6BCB72FCF4CB8003D1AB2 /* PBXContainerItemProxy */ = {
			isa = PBXContainerItemProxy;
			containerPortal = 7DA6BC972FCF4CB6003D1AB2 /* Project object */;
			proxyType = 1;
			remoteGlobalIDString = 7DA6BC9E2FCF4CB6003D1AB2;
			remoteInfo = MiniMusix;
		};
/* End PBXContainerItemProxy section */

/* Begin PBXCopyFilesBuildPhase section */
		7D362F1B2FCF619900184BF1 /* Embed Frameworks */ = {
			isa = PBXCopyFilesBuildPhase;
			buildActionMask = 2147483647;
			dstPath = "";
			dstSubfolderSpec = 10;
			files = (
				7D362F1A2FCF619900184BF1 /* MediaRemoteAdapter in Embed Frameworks */,
			);
			name = "Embed Frameworks";
			runOnlyForDeploymentPostprocessing = 0;
		};
/* End PBXCopyFilesBuildPhase section */

/* Begin PBXFileReference section */
		7DA6BC9F2FCF4CB6003D1AB2 /* MiniMusix.app */ = {isa = PBXFileReference; explicitFileType = wrapper.application; includeInIndex = 0; path = MiniMusix.app; sourceTree = BUILT_PRODUCTS_DIR; };
		7DA6BCAC2FCF4CB8003D1AB2 /* MiniMusixTests.xctest */ = {isa = PBXFileReference; explicitFileType = wrapper.cfbundle; includeInIndex = 0; path = MiniMusixTests.xctest; sourceTree = BUILT_PRODUCTS_DIR; };
		7DA6BCB62FCF4CB8003D1AB2 /* MiniMusixUITests.xctest */ = {isa = PBXFileReference; explicitFileType = wrapper.cfbundle; includeInIndex = 0; path = MiniMusixUITests.xctest; sourceTree = BUILT_PRODUCTS_DIR; };
/* End PBXFileReference section */

/* Begin PBXFileSystemSynchronizedRootGroup section */
		7DA6BCA12FCF4CB6003D1AB2 /* MiniMusix */ = {
			isa = PBXFileSystemSynchronizedRootGroup;
			path = MiniMusix;
			sourceTree = "<group>";
		};
		7DA6BCAF2FCF4CB8003D1AB2 /* MiniMusixTests */ = {
			isa = PBXFileSystemSynchronizedRootGroup;
			path = MiniMusixTests;
			sourceTree = "<group>";
		};
		7DA6BCB92FCF4CB8003D1AB2 /* MiniMusixUITests */ = {
			isa = PBXFileSystemSynchronizedRootGroup;
			path = MiniMusixUITests;
			sourceTree = "<group>";
		};
/* End PBXFileSystemSynchronizedRootGroup section */

/* Begin PBXFrameworksBuildPhase section */
		7DA6BC9C2FCF4CB6003D1AB2 /* Frameworks */ = {
			isa = PBXFrameworksBuildPhase;
			buildActionMask = 2147483647;
			files = (
				7D362F192FCF614100184BF1 /* MediaRemoteAdapter in Frameworks */,
			);
			runOnlyForDeploymentPostprocessing = 0;
		};
		7DA6BCA92FCF4CB8003D1AB2 /* Frameworks */ = {
			isa = PBXFrameworksBuildPhase;
			buildActionMask = 2147483647;
			files = (
			);
			runOnlyForDeploymentPostprocessing = 0;
		};
		7DA6BCB32FCF4CB8003D1AB2 /* Frameworks */ = {
			isa = PBXFrameworksBuildPhase;
			buildActionMask = 2147483647;
			files = (
			);
			runOnlyForDeploymentPostprocessing = 0;
		};
/* End PBXFrameworksBuildPhase section */

/* Begin PBXGroup section */
		7DA6BC962FCF4CB6003D1AB2 = {
			isa = PBXGroup;
			children = (
				7DA6BCA12FCF4CB6003D1AB2 /* MiniMusix */,
				7DA6BCAF2FCF4CB8003D1AB2 /* MiniMusixTests */,
				7DA6BCB92FCF4CB8003D1AB2 /* MiniMusixUITests */,
				7DA6BCA02FCF4CB6003D1AB2 /* Products */,
			);
			sourceTree = "<group>";
		};
		7DA6BCA02FCF4CB6003D1AB2 /* Products */ = {
			isa = PBXGroup;
			children = (
				7DA6BC9F2FCF4CB6003D1AB2 /* MiniMusix.app */,
				7DA6BCAC2FCF4CB8003D1AB2 /* MiniMusixTests.xctest */,
				7DA6BCB62FCF4CB8003D1AB2 /* MiniMusixUITests.xctest */,
			);
			name = Products;
			sourceTree = "<group>";
		};
/* End PBXGroup section */

/* Begin PBXNativeTarget section */
		7DA6BC9E2FCF4CB6003D1AB2 /* MiniMusix */ = {
			isa = PBXNativeTarget;
			buildConfigurationList = 7DA6BCC02FCF4CB8003D1AB2 /* Build configuration list for PBXNativeTarget "MiniMusix" */;
			buildPhases = (
				7DA6BC9B2FCF4CB6003D1AB2 /* Sources */,
				7DA6BC9C2FCF4CB6003D1AB2 /* Frameworks */,
				7DA6BC9D2FCF4CB6003D1AB2 /* Resources */,
				7D362F1B2FCF619900184BF1 /* Embed Frameworks */,
			);
			buildRules = (
			);
			dependencies = (
			);
			fileSystemSynchronizedGroups = (
				7DA6BCA12FCF4CB6003D1AB2 /* MiniMusix */,
			);
			name = MiniMusix;
			packageProductDependencies = (
				7D362F182FCF614100184BF1 /* MediaRemoteAdapter */,
			);
			productName = MiniMusix;
			productReference = 7DA6BC9F2FCF4CB6003D1AB2 /* MiniMusix.app */;
			productType = "com.apple.product-type.application";
		};
		7DA6BCAB2FCF4CB8003D1AB2 /* MiniMusixTests */ = {
			isa = PBXNativeTarget;
			buildConfigurationList = 7DA6BCC32FCF4CB8003D1AB2 /* Build configuration list for PBXNativeTarget "MiniMusixTests" */;
			buildPhases = (
				7DA6BCA82FCF4CB8003D1AB2 /* Sources */,
				7DA6BCA92FCF4CB8003D1AB2 /* Frameworks */,
				7DA6BCAA2FCF4CB8003D1AB2 /* Resources */,
			);
			buildRules = (
			);
			dependencies = (
				7DA6BCAE2FCF4CB8003D1AB2 /* PBXTargetDependency */,
			);
			fileSystemSynchronizedGroups = (
				7DA6BCAF2FCF4CB8003D1AB2 /* MiniMusixTests */,
			);
			name = MiniMusixTests;
			packageProductDependencies = (
			);
			productName = MiniMusixTests;
			productReference = 7DA6BCAC2FCF4CB8003D1AB2 /* MiniMusixTests.xctest */;
			productType = "com.apple.product-type.bundle.unit-test";
		};
		7DA6BCB52FCF4CB8003D1AB2 /* MiniMusixUITests */ = {
			isa = PBXNativeTarget;
			buildConfigurationList = 7DA6BCC62FCF4CB8003D1AB2 /* Build configuration list for PBXNativeTarget "MiniMusixUITests" */;
			buildPhases = (
				7DA6BCB22FCF4CB8003D1AB2 /* Sources */,
				7DA6BCB32FCF4CB8003D1AB2 /* Frameworks */,
				7DA6BCB42FCF4CB8003D1AB2 /* Resources */,
			);
			buildRules = (
			);
			dependencies = (
				7DA6BCB82FCF4CB8003D1AB2 /* PBXTargetDependency */,
			);
			fileSystemSynchronizedGroups = (
				7DA6BCB92FCF4CB8003D1AB2 /* MiniMusixUITests */,
			);
			name = MiniMusixUITests;
			packageProductDependencies = (
			);
			productName = MiniMusixUITests;
			productReference = 7DA6BCB62FCF4CB8003D1AB2 /* MiniMusixUITests.xctest */;
			productType = "com.apple.product-type.bundle.ui-testing";
		};
/* End PBXNativeTarget section */

/* Begin PBXProject section */
		7DA6BC972FCF4CB6003D1AB2 /* Project object */ = {
			isa = PBXProject;
			attributes = {
				BuildIndependentTargetsInParallel = 1;
				LastSwiftUpdateCheck = 2650;
				LastUpgradeCheck = 2700;
				TargetAttributes = {
					7DA6BC9E2FCF4CB6003D1AB2 = {
						CreatedOnToolsVersion = 26.5;
					};
					7DA6BCAB2FCF4CB8003D1AB2 = {
						CreatedOnToolsVersion = 26.5;
						TestTargetID = 7DA6BC9E2FCF4CB6003D1AB2;
					};
					7DA6BCB52FCF4CB8003D1AB2 = {
						CreatedOnToolsVersion = 26.5;
						TestTargetID = 7DA6BC9E2FCF4CB6003D1AB2;
					};
				};
			};
			buildConfigurationList = 7DA6BC9A2FCF4CB6003D1AB2 /* Build configuration list for PBXProject "MiniMusix" */;
			developmentRegion = en;
			hasScannedForEncodings = 0;
			knownRegions = (
				en,
				Base,
			);
			mainGroup = 7DA6BC962FCF4CB6003D1AB2;
			minimizedProjectReferenceProxies = 1;
			packageReferences = (
				7D362F172FCF614100184BF1 /* XCRemoteSwiftPackageReference "mediaremote-adapter" */,
			);
			preferredProjectObjectVersion = 77;
			productRefGroup = 7DA6BCA02FCF4CB6003D1AB2 /* Products */;
			projectDirPath = "";
			projectRoot = "";
			targets = (
				7DA6BC9E2FCF4CB6003D1AB2 /* MiniMusix */,
				7DA6BCAB2FCF4CB8003D1AB2 /* MiniMusixTests */,
				7DA6BCB52FCF4CB8003D1AB2 /* MiniMusixUITests */,
			);
		};
/* End PBXProject section */

/* Begin PBXResourcesBuildPhase section */
		7DA6BC9D2FCF4CB6003D1AB2 /* Resources */ = {
			isa = PBXResourcesBuildPhase;
			buildActionMask = 2147483647;
			files = (
			);
			runOnlyForDeploymentPostprocessing = 0;
		};
		7DA6BCAA2FCF4CB8003D1AB2 /* Resources */ = {
			isa = PBXResourcesBuildPhase;
			buildActionMask = 2147483647;
			files = (
			);
			runOnlyForDeploymentPostprocessing = 0;
		};
		7DA6BCB42FCF4CB8003D1AB2 /* Resources */ = {
			isa = PBXResourcesBuildPhase;
			buildActionMask = 2147483647;
			files = (
			);
			runOnlyForDeploymentPostprocessing = 0;
		};
/* End PBXResourcesBuildPhase section */

/* Begin PBXSourcesBuildPhase section */
		7DA6BC9B2FCF4CB6003D1AB2 /* Sources */ = {
			isa = PBXSourcesBuildPhase;
			buildActionMask = 2147483647;
			files = (
			);
			runOnlyForDeploymentPostprocessing = 0;
		};
		7DA6BCA82FCF4CB8003D1AB2 /* Sources */ = {
			isa = PBXSourcesBuildPhase;
			buildActionMask = 2147483647;
			files = (
			);
			runOnlyForDeploymentPostprocessing = 0;
		};
		7DA6BCB22FCF4CB8003D1AB2 /* Sources */ = {
			isa = PBXSourcesBuildPhase;
			buildActionMask = 2147483647;
			files = (
			);
			runOnlyForDeploymentPostprocessing = 0;
		};
/* End PBXSourcesBuildPhase section */

/* Begin PBXTargetDependency section */
		7DA6BCAE2FCF4CB8003D1AB2 /* PBXTargetDependency */ = {
			isa = PBXTargetDependency;
			target = 7DA6BC9E2FCF4CB6003D1AB2 /* MiniMusix */;
			targetProxy = 7DA6BCAD2FCF4CB8003D1AB2 /* PBXContainerItemProxy */;
		};
		7DA6BCB82FCF4CB8003D1AB2 /* PBXTargetDependency */ = {
			isa = PBXTargetDependency;
			target = 7DA6BC9E2FCF4CB6003D1AB2 /* MiniMusix */;
			targetProxy = 7DA6BCB72FCF4CB8003D1AB2 /* PBXContainerItemProxy */;
		};
/* End PBXTargetDependency section */

/* Begin XCBuildConfiguration section */
		7DA6BCBE2FCF4CB8003D1AB2 /* Debug */ = {
			isa = XCBuildConfiguration;
			buildSettings = {
				ALWAYS_SEARCH_USER_PATHS = NO;
				ASSETCATALOG_COMPILER_GENERATE_SWIFT_ASSET_SYMBOL_EXTENSIONS = YES;
				CLANG_ANALYZER_NONNULL = YES;
				CLANG_ANALYZER_NUMBER_OBJECT_CONVERSION = YES_AGGRESSIVE;
				CLANG_CXX_LANGUAGE_STANDARD = "gnu++20";
				CLANG_ENABLE_MODULES = YES;
				CLANG_ENABLE_OBJC_ARC = YES;
				CLANG_ENABLE_OBJC_WEAK = YES;
				CLANG_WARN_BLOCK_CAPTURE_AUTORELEASING = YES;
				CLANG_WARN_BOOL_CONVERSION = YES;
				CLANG_WARN_COMMA = YES;
				CLANG_WARN_CONSTANT_CONVERSION = YES;
				CLANG_WARN_DEPRECATED_OBJC_IMPLEMENTATIONS = YES;
				CLANG_WARN_DIRECT_OBJC_ISA_USAGE = YES_ERROR;
				CLANG_WARN_DOCUMENTATION_COMMENTS = YES;
				CLANG_WARN_EMPTY_BODY = YES;
				CLANG_WARN_ENUM_CONVERSION = YES;
				CLANG_WARN_INFINITE_RECURSION = YES;
				CLANG_WARN_INT_CONVERSION = YES;
				CLANG_WARN_NON_LITERAL_NULL_CONVERSION = YES;
				CLANG_WARN_OBJC_IMPLICIT_RETAIN_SELF = YES;
				CLANG_WARN_OBJC_LITERAL_CONVERSION = YES;
				CLANG_WARN_OBJC_ROOT_CLASS = YES_ERROR;
				CLANG_WARN_QUOTED_INCLUDE_IN_FRAMEWORK_HEADER = YES;
				CLANG_WARN_RANGE_LOOP_ANALYSIS = YES;
				CLANG_WARN_STRICT_PROTOTYPES = YES;
				CLANG_WARN_SUSPICIOUS_MOVE = YES;
				CLANG_WARN_UNGUARDED_AVAILABILITY = YES_AGGRESSIVE;
				CLANG_WARN_UNREACHABLE_CODE = YES;
				CLANG_WARN__DUPLICATE_METHOD_MATCH = YES;
				COPY_PHASE_STRIP = NO;
				DEAD_CODE_STRIPPING = YES;
				DEBUG_INFORMATION_FORMAT = dwarf;
				DEVELOPMENT_TEAM = 82T756LMPB;
				ENABLE_STRICT_OBJC_MSGSEND = YES;
				ENABLE_TESTABILITY = YES;
				ENABLE_USER_SCRIPT_SANDBOXING = YES;
				GCC_C_LANGUAGE_STANDARD = gnu17;
				GCC_DYNAMIC_NO_PIC = NO;
				GCC_NO_COMMON_BLOCKS = YES;
				GCC_OPTIMIZATION_LEVEL = 0;
				GCC_PREPROCESSOR_DEFINITIONS = (
					"DEBUG=1",
					"$(inherited)",
				);
				GCC_WARN_64_TO_32_BIT_CONVERSION = YES;
				GCC_WARN_ABOUT_RETURN_TYPE = YES_ERROR;
				GCC_WARN_UNDECLARED_SELECTOR = YES;
				GCC_WARN_UNINITIALIZED_AUTOS = YES_AGGRESSIVE;
				GCC_WARN_UNUSED_FUNCTION = YES;
				GCC_WARN_UNUSED_VARIABLE = YES;
				LOCALIZATION_PREFERS_STRING_CATALOGS = YES;
				MACOSX_DEPLOYMENT_TARGET = 26.4;
				MTL_ENABLE_DEBUG_INFO = INCLUDE_SOURCE;
				MTL_FAST_MATH = YES;
				ONLY_ACTIVE_ARCH = YES;
				SDKROOT = macosx;
				STRING_CATALOG_GENERATE_SYMBOLS = YES;
				SWIFT_ACTIVE_COMPILATION_CONDITIONS = "DEBUG $(inherited)";
				SWIFT_OPTIMIZATION_LEVEL = "-Onone";
			};
			name = Debug;
		};
		7DA6BCBF2FCF4CB8003D1AB2 /* Release */ = {
			isa = XCBuildConfiguration;
			buildSettings = {
				ALWAYS_SEARCH_USER_PATHS = NO;
				ASSETCATALOG_COMPILER_GENERATE_SWIFT_ASSET_SYMBOL_EXTENSIONS = YES;
				CLANG_ANALYZER_NONNULL = YES;
				CLANG_ANALYZER_NUMBER_OBJECT_CONVERSION = YES_AGGRESSIVE;
				CLANG_CXX_LANGUAGE_STANDARD = "gnu++20";
				CLANG_ENABLE_MODULES = YES;
				CLANG_ENABLE_OBJC_ARC = YES;
				CLANG_ENABLE_OBJC_WEAK = YES;
				CLANG_WARN_BLOCK_CAPTURE_AUTORELEASING = YES;
				CLANG_WARN_BOOL_CONVERSION = YES;
				CLANG_WARN_COMMA = YES;
				CLANG_WARN_CONSTANT_CONVERSION = YES;
				CLANG_WARN_DEPRECATED_OBJC_IMPLEMENTATIONS = YES;
				CLANG_WARN_DIRECT_OBJC_ISA_USAGE = YES_ERROR;
				CLANG_WARN_DOCUMENTATION_COMMENTS = YES;
				CLANG_WARN_EMPTY_BODY = YES;
				CLANG_WARN_ENUM_CONVERSION = YES;
				CLANG_WARN_INFINITE_RECURSION = YES;
				CLANG_WARN_INT_CONVERSION = YES;
				CLANG_WARN_NON_LITERAL_NULL_CONVERSION = YES;
				CLANG_WARN_OBJC_IMPLICIT_RETAIN_SELF = YES;
				CLANG_WARN_OBJC_LITERAL_CONVERSION = YES;
				CLANG_WARN_OBJC_ROOT_CLASS = YES_ERROR;
				CLANG_WARN_QUOTED_INCLUDE_IN_FRAMEWORK_HEADER = YES;
				CLANG_WARN_RANGE_LOOP_ANALYSIS = YES;
				CLANG_WARN_STRICT_PROTOTYPES = YES;
				CLANG_WARN_SUSPICIOUS_MOVE = YES;
				CLANG_WARN_UNGUARDED_AVAILABILITY = YES_AGGRESSIVE;
				CLANG_WARN_UNREACHABLE_CODE = YES;
				CLANG_WARN__DUPLICATE_METHOD_MATCH = YES;
				COPY_PHASE_STRIP = NO;
				DEAD_CODE_STRIPPING = YES;
				DEBUG_INFORMATION_FORMAT = "dwarf-with-dsym";
				DEVELOPMENT_TEAM = 82T756LMPB;
				ENABLE_NS_ASSERTIONS = NO;
				ENABLE_STRICT_OBJC_MSGSEND = YES;
				ENABLE_USER_SCRIPT_SANDBOXING = YES;
				GCC_C_LANGUAGE_STANDARD = gnu17;
				GCC_NO_COMMON_BLOCKS = YES;
				GCC_WARN_64_TO_32_BIT_CONVERSION = YES;
				GCC_WARN_ABOUT_RETURN_TYPE = YES_ERROR;
				GCC_WARN_UNDECLARED_SELECTOR = YES;
				GCC_WARN_UNINITIALIZED_AUTOS = YES_AGGRESSIVE;
				GCC_WARN_UNUSED_FUNCTION = YES;
				GCC_WARN_UNUSED_VARIABLE = YES;
				LOCALIZATION_PREFERS_STRING_CATALOGS = YES;
				MACOSX_DEPLOYMENT_TARGET = 26.4;
				MTL_ENABLE_DEBUG_INFO = NO;
				MTL_FAST_MATH = YES;
				SDKROOT = macosx;
				STRING_CATALOG_GENERATE_SYMBOLS = YES;
				SWIFT_COMPILATION_MODE = wholemodule;
			};
			name = Release;
		};
		7DA6BCC12FCF4CB8003D1AB2 /* Debug */ = {
			isa = XCBuildConfiguration;
			buildSettings = {
				ASSETCATALOG_COMPILER_APPICON_NAME = AppIcon;
				ASSETCATALOG_COMPILER_GLOBAL_ACCENT_COLOR_NAME = AccentColor;
				CODE_SIGN_ENTITLEMENTS = MiniMusix/MiniMusix.entitlements;
				CODE_SIGN_STYLE = Automatic;
				COMBINE_HIDPI_IMAGES = YES;
				CURRENT_PROJECT_VERSION = 1;
				DEAD_CODE_STRIPPING = YES;
				DEVELOPMENT_TEAM = 82T756LMPB;
				ENABLE_APP_SANDBOX = YES;
				ENABLE_HARDENED_RUNTIME = YES;
				ENABLE_PREVIEWS = YES;
				ENABLE_USER_SELECTED_FILES = readonly;
				GENERATE_INFOPLIST_FILE = YES;
				INFOPLIST_KEY_NSAppleEventsUsageDescription = "MiniMusix controls Apple Music and Spotify playback when you use the player buttons.";
				INFOPLIST_KEY_NSBluetoothAlwaysUsageDescription = "MiniMusix uses Bluetooth access to discover nearby audio output devices for the AirPlay picker.";
				INFOPLIST_KEY_NSHumanReadableCopyright = "";
				INFOPLIST_KEY_NSScreenCaptureUsageDescription = "MiniMusix can hide its floating player from screen capture when you enable that privacy setting.";
				LD_RUNPATH_SEARCH_PATHS = (
					"$(inherited)",
					"@executable_path/../Frameworks",
				);
				MARKETING_VERSION = 1.0;
				PRODUCT_BUNDLE_IDENTIFIER = MiniMusix.MiniMusix;
				PRODUCT_NAME = "$(TARGET_NAME)";
				REGISTER_APP_GROUPS = YES;
				STRING_CATALOG_GENERATE_SYMBOLS = YES;
				SWIFT_APPROACHABLE_CONCURRENCY = YES;
				SWIFT_DEFAULT_ACTOR_ISOLATION = MainActor;
				SWIFT_EMIT_LOC_STRINGS = YES;
				SWIFT_UPCOMING_FEATURE_MEMBER_IMPORT_VISIBILITY = YES;
				SWIFT_VERSION = 5.0;
			};
			name = Debug;
		};
		7DA6BCC22FCF4CB8003D1AB2 /* Release */ = {
			isa = XCBuildConfiguration;
			buildSettings = {
				ASSETCATALOG_COMPILER_APPICON_NAME = AppIcon;
				ASSETCATALOG_COMPILER_GLOBAL_ACCENT_COLOR_NAME = AccentColor;
				CODE_SIGN_ENTITLEMENTS = MiniMusix/MiniMusix.entitlements;
				CODE_SIGN_STYLE = Automatic;
				COMBINE_HIDPI_IMAGES = YES;
				CURRENT_PROJECT_VERSION = 1;
				DEAD_CODE_STRIPPING = YES;
				DEVELOPMENT_TEAM = 82T756LMPB;
				ENABLE_APP_SANDBOX = YES;
				ENABLE_HARDENED_RUNTIME = YES;
				ENABLE_PREVIEWS = YES;
				ENABLE_USER_SELECTED_FILES = readonly;
				GENERATE_INFOPLIST_FILE = YES;
				INFOPLIST_KEY_NSAppleEventsUsageDescription = "MiniMusix controls Apple Music and Spotify playback when you use the player buttons.";
				INFOPLIST_KEY_NSBluetoothAlwaysUsageDescription = "MiniMusix uses Bluetooth access to discover nearby audio output devices for the AirPlay picker.";
				INFOPLIST_KEY_NSHumanReadableCopyright = "";
				INFOPLIST_KEY_NSScreenCaptureUsageDescription = "MiniMusix can hide its floating player from screen capture when you enable that privacy setting.";
				LD_RUNPATH_SEARCH_PATHS = (
					"$(inherited)",
					"@executable_path/../Frameworks",
				);
				MARKETING_VERSION = 1.0;
				PRODUCT_BUNDLE_IDENTIFIER = MiniMusix.MiniMusix;
				PRODUCT_NAME = "$(TARGET_NAME)";
				REGISTER_APP_GROUPS = YES;
				STRING_CATALOG_GENERATE_SYMBOLS = YES;
				SWIFT_APPROACHABLE_CONCURRENCY = YES;
				SWIFT_DEFAULT_ACTOR_ISOLATION = MainActor;
				SWIFT_EMIT_LOC_STRINGS = YES;
				SWIFT_UPCOMING_FEATURE_MEMBER_IMPORT_VISIBILITY = YES;
				SWIFT_VERSION = 5.0;
			};
			name = Release;
		};
		7DA6BCC42FCF4CB8003D1AB2 /* Debug */ = {
			isa = XCBuildConfiguration;
			buildSettings = {
				BUNDLE_LOADER = "$(TEST_HOST)";
				CODE_SIGN_STYLE = Automatic;
				CURRENT_PROJECT_VERSION = 1;
				DEAD_CODE_STRIPPING = YES;
				DEVELOPMENT_TEAM = 82T756LMPB;
				GENERATE_INFOPLIST_FILE = YES;
				MACOSX_DEPLOYMENT_TARGET = 26.4;
				MARKETING_VERSION = 1.0;
				PRODUCT_BUNDLE_IDENTIFIER = MiniMusix.MiniMusixTests;
				PRODUCT_NAME = "$(TARGET_NAME)";
				STRING_CATALOG_GENERATE_SYMBOLS = NO;
				SWIFT_APPROACHABLE_CONCURRENCY = YES;
				SWIFT_EMIT_LOC_STRINGS = NO;
				SWIFT_UPCOMING_FEATURE_MEMBER_IMPORT_VISIBILITY = YES;
				SWIFT_VERSION = 5.0;
				TEST_HOST = "$(BUILT_PRODUCTS_DIR)/MiniMusix.app/$(BUNDLE_EXECUTABLE_FOLDER_PATH)/MiniMusix";
			};
			name = Debug;
		};
		7DA6BCC52FCF4CB8003D1AB2 /* Release */ = {
			isa = XCBuildConfiguration;
			buildSettings = {
				BUNDLE_LOADER = "$(TEST_HOST)";
				CODE_SIGN_STYLE = Automatic;
				CURRENT_PROJECT_VERSION = 1;
				DEAD_CODE_STRIPPING = YES;
				DEVELOPMENT_TEAM = 82T756LMPB;
				GENERATE_INFOPLIST_FILE = YES;
				MACOSX_DEPLOYMENT_TARGET = 26.4;
				MARKETING_VERSION = 1.0;
				PRODUCT_BUNDLE_IDENTIFIER = MiniMusix.MiniMusixTests;
				PRODUCT_NAME = "$(TARGET_NAME)";
				STRING_CATALOG_GENERATE_SYMBOLS = NO;
				SWIFT_APPROACHABLE_CONCURRENCY = YES;
				SWIFT_EMIT_LOC_STRINGS = NO;
				SWIFT_UPCOMING_FEATURE_MEMBER_IMPORT_VISIBILITY = YES;
				SWIFT_VERSION = 5.0;
				TEST_HOST = "$(BUILT_PRODUCTS_DIR)/MiniMusix.app/$(BUNDLE_EXECUTABLE_FOLDER_PATH)/MiniMusix";
			};
			name = Release;
		};
		7DA6BCC72FCF4CB8003D1AB2 /* Debug */ = {
			isa = XCBuildConfiguration;
			buildSettings = {
				CODE_SIGN_STYLE = Automatic;
				CURRENT_PROJECT_VERSION = 1;
				DEAD_CODE_STRIPPING = YES;
				DEVELOPMENT_TEAM = 82T756LMPB;
				GENERATE_INFOPLIST_FILE = YES;
				MARKETING_VERSION = 1.0;
				PRODUCT_BUNDLE_IDENTIFIER = MiniMusix.MiniMusixUITests;
				PRODUCT_NAME = "$(TARGET_NAME)";
				STRING_CATALOG_GENERATE_SYMBOLS = NO;
				SWIFT_APPROACHABLE_CONCURRENCY = YES;
				SWIFT_EMIT_LOC_STRINGS = NO;
				SWIFT_UPCOMING_FEATURE_MEMBER_IMPORT_VISIBILITY = YES;
				SWIFT_VERSION = 5.0;
				TEST_TARGET_NAME = MiniMusix;
			};
			name = Debug;
		};
		7DA6BCC82FCF4CB8003D1AB2 /* Release */ = {
			isa = XCBuildConfiguration;
			buildSettings = {
				CODE_SIGN_STYLE = Automatic;
				CURRENT_PROJECT_VERSION = 1;
				DEAD_CODE_STRIPPING = YES;
				DEVELOPMENT_TEAM = 82T756LMPB;
				GENERATE_INFOPLIST_FILE = YES;
				MARKETING_VERSION = 1.0;
				PRODUCT_BUNDLE_IDENTIFIER = MiniMusix.MiniMusixUITests;
				PRODUCT_NAME = "$(TARGET_NAME)";
				STRING_CATALOG_GENERATE_SYMBOLS = NO;
				SWIFT_APPROACHABLE_CONCURRENCY = YES;
				SWIFT_EMIT_LOC_STRINGS = NO;
				SWIFT_UPCOMING_FEATURE_MEMBER_IMPORT_VISIBILITY = YES;
				SWIFT_VERSION = 5.0;
				TEST_TARGET_NAME = MiniMusix;
			};
			name = Release;
		};
/* End XCBuildConfiguration section */

/* Begin XCConfigurationList section */
		7DA6BC9A2FCF4CB6003D1AB2 /* Build configuration list for PBXProject "MiniMusix" */ = {
			isa = XCConfigurationList;
			buildConfigurations = (
				7DA6BCBE2FCF4CB8003D1AB2 /* Debug */,
				7DA6BCBF2FCF4CB8003D1AB2 /* Release */,
			);
			defaultConfigurationIsVisible = 0;
			defaultConfigurationName = Release;
		};
		7DA6BCC02FCF4CB8003D1AB2 /* Build configuration list for PBXNativeTarget "MiniMusix" */ = {
			isa = XCConfigurationList;
			buildConfigurations = (
				7DA6BCC12FCF4CB8003D1AB2 /* Debug */,
				7DA6BCC22FCF4CB8003D1AB2 /* Release */,
			);
			defaultConfigurationIsVisible = 0;
			defaultConfigurationName = Release;
		};
		7DA6BCC32FCF4CB8003D1AB2 /* Build configuration list for PBXNativeTarget "MiniMusixTests" */ = {
			isa = XCConfigurationList;
			buildConfigurations = (
				7DA6BCC42FCF4CB8003D1AB2 /* Debug */,
				7DA6BCC52FCF4CB8003D1AB2 /* Release */,
			);
			defaultConfigurationIsVisible = 0;
			defaultConfigurationName = Release;
		};
		7DA6BCC62FCF4CB8003D1AB2 /* Build configuration list for PBXNativeTarget "MiniMusixUITests" */ = {
			isa = XCConfigurationList;
			buildConfigurations = (
				7DA6BCC72FCF4CB8003D1AB2 /* Debug */,
				7DA6BCC82FCF4CB8003D1AB2 /* Release */,
			);
			defaultConfigurationIsVisible = 0;
			defaultConfigurationName = Release;
		};
/* End XCConfigurationList section */

/* Begin XCRemoteSwiftPackageReference section */
		7D362F172FCF614100184BF1 /* XCRemoteSwiftPackageReference "mediaremote-adapter" */ = {
			isa = XCRemoteSwiftPackageReference;
			repositoryURL = "https://github.com/ejbills/mediaremote-adapter.git";
			requirement = {
				branch = master;
				kind = branch;
			};
		};
/* End XCRemoteSwiftPackageReference section */

/* Begin XCSwiftPackageProductDependency section */
		7D362F182FCF614100184BF1 /* MediaRemoteAdapter */ = {
			isa = XCSwiftPackageProductDependency;
			package = 7D362F172FCF614100184BF1 /* XCRemoteSwiftPackageReference "mediaremote-adapter" */;
			productName = MediaRemoteAdapter;
		};
/* End XCSwiftPackageProductDependency section */
	};
	rootObject = 7DA6BC972FCF4CB6003D1AB2 /* Project object */;
}
